
Microsoft Visual Studio Solution File, Format Version 12.00
# Visual Studio Version 16
VisualStudioVersion = 16.0.30413.136
MinimumVisualStudioVersion = 10.0.40219.1
Project("{9A19103F-16F7-4668-BE54-9A1E7A4F7556}") = "Cnc.Api", "Cnc.Api\Cnc.Api.csproj", "{9A3B61DF-80B7-4877-B08F-C91E5066DA34}"
EndProject
Project("{9A19103F-16F7-4668-BE54-9A1E7A4F7556}") = "Cnc.Client", "Cnc.Client\Cnc.Client.csproj", "{E1CCB9DE-FB61-45F7-B15D-C4583B3CB5B7}"
EndProject
Project("{9A19103F-16F7-4668-BE54-9A1E7A4F7556}") = "Cnc.Server", "Cnc.Server\Cnc.Server.csproj", "{FBCD44C9-15A3-4902-A97C-946B40335CE8}"
EndProject
Project("{9A19103F-16F7-4668-BE54-9A1E7A4F7556}") = "Cnc.Shared", "Cnc.Shared\Cnc.Shared.csproj", "{7C34A15A-2317-424C-9407-2ADC38340E92}"
EndProject
Project("{FAE04EC0-301F-11D3-BF4B-00C04F79EFBC}") = "Cnc.Insfrastructure", "Cnc.EntityFramework.PostgreSQL\Cnc.Insfrastructure.csproj", "{295826E6-28DC-4177-9A97-160F3D40F673}"
EndProject
Global
	GlobalSection(SolutionConfigurationPlatforms) = preSolution
		Debug|Any CPU = Debug|Any CPU
		Release|Any CPU = Release|Any CPU
	EndGlobalSection
	GlobalSection(ProjectConfigurationPlatforms) = postSolution
		{9A3B61DF-80B7-4877-B08F-C91E5066DA34}.Debug|Any CPU.ActiveCfg = Debug|Any CPU
		{9A3B61DF-80B7-4877-B08F-C91E5066DA34}.Debug|Any CPU.Build.0 = Debug|Any CPU
		{9A3B61DF-80B7-4877-B08F-C91E5066DA34}.Release|Any CPU.ActiveCfg = Release|Any CPU
		{9A3B61DF-80B7-4877-B08F-C91E5066DA34}.Release|Any CPU.Build.0 = Release|Any CPU
		{E1CCB9DE-FB61-45F7-B15D-C4583B3CB5B7}.Debug|Any CPU.ActiveCfg = Debug|Any CPU
		{E1CCB9DE-FB61-45F7-B15D-C4583B3CB5B7}.Debug|Any CPU.Build.0 = Debug|Any CPU
		{E1CCB9DE-FB61-45F7-B15D-C4583B3CB5B7}.Release|Any CPU.ActiveCfg = Release|Any CPU
		{E1CCB9DE-FB61-45F7-B15D-C4583B3CB5B7}.Release|Any CPU.Build.0 = Release|Any CPU
		{FBCD44C9-15A3-4902-A97C-946B40335CE8}.Debug|Any CPU.ActiveCfg = Debug|Any CPU
		{FBCD44C9-15A3-4902-A97C-946B40335CE8}.Debug|Any CPU.Build.0 = Debug|Any CPU
		{FBCD44C9-15A3-4902-A97C-946B40335CE8}.Release|Any CPU.ActiveCfg = Release|Any CPU
		{FBCD44C9-15A3-4902-A97C-946B40335CE8}.Release|Any CPU.Build.0 = Release|Any CPU
		{7C34A15A-2317-424C-9407-2ADC38340E92}.Debug|Any CPU.ActiveCfg = Debug|Any CPU
		{7C34A15A-2317-424C-9407-2ADC38340E92}.Debug|Any CPU.Build.0 = Debug|Any CPU
		{7C34A15A-2317-424C-9407-2ADC38340E92}.Release|Any CPU.ActiveCfg = Release|Any CPU
		{7C34A15A-2317-424C-9407-2ADC38340E92}.Release|Any CPU.Build.0 = Release|Any CPU
		{295826E6-28DC-4177-9A97-160F3D40F673}.Debug|Any CPU.ActiveCfg = Debug|Any CPU
		{295826E6-28DC-4177-9A97-160F3D40F673}.Debug|Any CPU.Build.0 = Debug|Any CPU
		{295826E6-28DC-4177-9A97-160F3D40F673}.Release|Any CPU.ActiveCfg = Release|Any CPU
		{295826E6-28DC-4177-9A97-160F3D40F673}.Release|Any CPU.Build.0 = Release|Any CPU
	EndGlobalSection
	GlobalSection(SolutionProperties) = preSolution
		HideSolutionNode = FALSE
	EndGlobalSection
	GlobalSection(ExtensibilityGlobals) = postSolution
		SolutionGuid = {2A791A92-D224-4296-BABF-5BE034EE40A8}
	EndGlobalSection
EndGlobal
