
Microsoft Visual Studio Solution File, Format Version 12.00
# Visual Studio Version 16
VisualStudioVersion = 16.0.30413.136
MinimumVisualStudioVersion = 10.0.40219.1
Project("{9A19103F-16F7-4668-BE54-9A1E7A4F7556}") = "MalwareLib", "MalwareLib\MalwareLib.csproj", "{04C32738-B1B3-481B-A3BD-1817B33F7007}"
EndProject
Project("{9A19103F-16F7-4668-BE54-9A1E7A4F7556}") = "CncServer", "CncServer\CncServer.csproj", "{902E081D-6305-470F-82AD-7B31CA0563B0}"
EndProject
Project("{9A19103F-16F7-4668-BE54-9A1E7A4F7556}") = "CncClient", "CncClient\CncClient.csproj", "{2988B9B5-F1E2-4538-867A-4E581F546D49}"
EndProject
Global
	GlobalSection(SolutionConfigurationPlatforms) = preSolution
		Debug|Any CPU = Debug|Any CPU
		Release|Any CPU = Release|Any CPU
	EndGlobalSection
	GlobalSection(ProjectConfigurationPlatforms) = postSolution
		{04C32738-B1B3-481B-A3BD-1817B33F7007}.Debug|Any CPU.ActiveCfg = Debug|Any CPU
		{04C32738-B1B3-481B-A3BD-1817B33F7007}.Debug|Any CPU.Build.0 = Debug|Any CPU
		{04C32738-B1B3-481B-A3BD-1817B33F7007}.Release|Any CPU.ActiveCfg = Release|Any CPU
		{04C32738-B1B3-481B-A3BD-1817B33F7007}.Release|Any CPU.Build.0 = Release|Any CPU
		{902E081D-6305-470F-82AD-7B31CA0563B0}.Debug|Any CPU.ActiveCfg = Debug|Any CPU
		{902E081D-6305-470F-82AD-7B31CA0563B0}.Debug|Any CPU.Build.0 = Debug|Any CPU
		{902E081D-6305-470F-82AD-7B31CA0563B0}.Release|Any CPU.ActiveCfg = Release|Any CPU
		{902E081D-6305-470F-82AD-7B31CA0563B0}.Release|Any CPU.Build.0 = Release|Any CPU
		{2988B9B5-F1E2-4538-867A-4E581F546D49}.Debug|Any CPU.ActiveCfg = Debug|Any CPU
		{2988B9B5-F1E2-4538-867A-4E581F546D49}.Debug|Any CPU.Build.0 = Debug|Any CPU
		{2988B9B5-F1E2-4538-867A-4E581F546D49}.Release|Any CPU.ActiveCfg = Release|Any CPU
		{2988B9B5-F1E2-4538-867A-4E581F546D49}.Release|Any CPU.Build.0 = Release|Any CPU
	EndGlobalSection
	GlobalSection(SolutionProperties) = preSolution
		HideSolutionNode = FALSE
	EndGlobalSection
	GlobalSection(ExtensibilityGlobals) = postSolution
		SolutionGuid = {2A791A92-D224-4296-BABF-5BE034EE40A8}
	EndGlobalSection
EndGlobal
